
Microsoft Visual Studio Solution File, Format Version 12.00
# Visual Studio Version 17
VisualStudioVersion = 17.7.34018.315
MinimumVisualStudioVersion = 10.0.40219.1
Project("{9A19103F-16F7-4668-BE54-9A1E7A4F7556}") = "Casting", "Lesson_3\Casting\Casting.csproj", "{A108DC97-4ABE-4CD0-97EF-93E9C5723C0B}"
EndProject
Project("{9A19103F-16F7-4668-BE54-9A1E7A4F7556}") = "SwapTwoVariables", "Lesson_3\SwapTwoVariables\SwapTwoVariables.csproj", "{1672B153-05AF-4A0F-86D0-A8E4AA9004F8}"
EndProject
Project("{9A19103F-16F7-4668-BE54-9A1E7A4F7556}") = "Distance", "Lesson_3\Distance\Distance.csproj", "{21496B9F-1051-4617-AF50-EAE7F47FAAF0}"
EndProject
Project("{9A19103F-16F7-4668-BE54-9A1E7A4F7556}") = "Number", "Lesson_3\Number\Number.csproj", "{002DC302-C444-4527-9F58-9D075E09E3FF}"
EndProject
Project("{9A19103F-16F7-4668-BE54-9A1E7A4F7556}") = "PI", "Lesson_3\PI\PI.csproj", "{678B8E23-07C5-4A55-B066-90C971AA3518}"
EndProject
Project("{9A19103F-16F7-4668-BE54-9A1E7A4F7556}") = "Variables", "Lesson_2\Variables\Variables.csproj", "{4784C65C-9AB6-4194-B390-65AA0494A2BD}"
EndProject
Project("{9A19103F-16F7-4668-BE54-9A1E7A4F7556}") = "TernaryOperator", "Lesson_4\TernaryOperator\TernaryOperator.csproj", "{84A13792-644C-4E9B-9230-EB4141A38967}"
EndProject
Project("{9A19103F-16F7-4668-BE54-9A1E7A4F7556}") = "Loop", "Lesson_5\Loop\Loop.csproj", "{CC25C79F-4D8A-463C-AA89-86FCBC5F8DF2}"
EndProject
Project("{9A19103F-16F7-4668-BE54-9A1E7A4F7556}") = "Arrays", "Lesson_6\Arrays\Arrays.csproj", "{3FA3FB5F-E88D-4A56-BB26-A3703BCC3492}"
EndProject
Project("{9A19103F-16F7-4668-BE54-9A1E7A4F7556}") = "Array2", "Lesson_7\Array2\Array2.csproj", "{8FEEA97B-0D6E-4BF1-A574-929E85A01271}"
EndProject
Project("{9A19103F-16F7-4668-BE54-9A1E7A4F7556}") = "Menu", "Lesson_7\Menu\Menu.csproj", "{7A314F09-C4A3-43C7-AAC2-B700EE45FF38}"
EndProject
Project("{9A19103F-16F7-4668-BE54-9A1E7A4F7556}") = "Calculator", "Lesson_8\Enum\Calculator.csproj", "{FB731E84-90A7-4CF2-932B-9B58E57AD084}"
EndProject
Project("{9A19103F-16F7-4668-BE54-9A1E7A4F7556}") = "ExampleOfMenyWithSubmenu", "Lesson_8\ExampleOfMenyWithSubmenu\ExampleOfMenyWithSubmenu.csproj", "{9BAC82ED-D591-459D-8BF0-4135E1DDAD75}"
EndProject
Project("{9A19103F-16F7-4668-BE54-9A1E7A4F7556}") = "OOP", "Lesson_9\OOP\OOP.csproj", "{AD224EFF-EBDB-49AE-A74F-D5FB632BFC43}"
EndProject
Project("{9A19103F-16F7-4668-BE54-9A1E7A4F7556}") = "EnumColors", "Lesson_9\EnumColors\EnumColors.csproj", "{81C7AAF4-1DE9-44B7-8141-592926BA5F9E}"
EndProject
Project("{9A19103F-16F7-4668-BE54-9A1E7A4F7556}") = "StringBuilder", "Lesson_10\StringBuilder\StringBuilder.csproj", "{963F4C49-2261-4AD3-88F1-9175CF18366D}"
EndProject
Project("{9A19103F-16F7-4668-BE54-9A1E7A4F7556}") = "Figure", "Lesson_10\Figure\Figure.csproj", "{1211742B-68EF-4368-B62F-71B8102C627E}"
EndProject
Project("{9A19103F-16F7-4668-BE54-9A1E7A4F7556}") = "MyFigureLib", "Lesson_11\MyFigureLib\MyFigureLib.csproj", "{5A1E7E75-2A71-4368-B165-C152E68FE7B0}"
EndProject
Project("{9A19103F-16F7-4668-BE54-9A1E7A4F7556}") = "ConsoleAppForFigureLib", "Lesson_11\ConsoleAppForFigureLib\ConsoleAppForFigureLib.csproj", "{95F852D7-D7BB-45F6-B20D-9D1A110A50AB}"
EndProject
Project("{9A19103F-16F7-4668-BE54-9A1E7A4F7556}") = "ConsoleAppForFigureLibExternal", "Lesson_11\ConsoleAppForFigureLibExternal\ConsoleAppForFigureLibExternal.csproj", "{D1912AA6-EEA9-408F-A02A-7DCF4FAF2966}"
EndProject
Project("{9A19103F-16F7-4668-BE54-9A1E7A4F7556}") = "ExceptionHandling", "Lesson_11\ExceptionHandling\ExceptionHandling.csproj", "{63A2525A-286C-432A-8CC1-7744F146C2C4}"
EndProject
Project("{9A19103F-16F7-4668-BE54-9A1E7A4F7556}") = "InheritanceLesson", "Lesson_12\InheritanceLesson\InheritanceLesson.csproj", "{1173B61A-DB6F-49E3-9F01-F7D108804926}"
EndProject
Project("{9A19103F-16F7-4668-BE54-9A1E7A4F7556}") = "AnimalHierachy", "Lesson_12\AnimalHierachy\AnimalHierachy.csproj", "{2A637A8D-ECBF-4DBD-B69F-51FB8B18402C}"
EndProject
Project("{9A19103F-16F7-4668-BE54-9A1E7A4F7556}") = "VirtualMethods", "Lesson_13\VirtualMethods\VirtualMethods.csproj", "{7F8AEE49-D790-4B38-B659-F4392ED5563D}"
EndProject
Project("{9A19103F-16F7-4668-BE54-9A1E7A4F7556}") = "AbstractClasses", "Lesson_13\AbstractClasses\AbstractClasses.csproj", "{4A2EC72F-0BC6-4689-AE62-21711B2B9148}"
EndProject
Project("{FAE04EC0-301F-11D3-BF4B-00C04F79EFBC}") = "Interfaces", "Lesson_14\Interfaces\Interfaces.csproj", "{DFD7BB40-B93B-4309-A121-74D041E62C22}"
EndProject
Project("{FAE04EC0-301F-11D3-BF4B-00C04F79EFBC}") = "StaticClasses", "Lesson_14\StaticClasses\StaticClasses.csproj", "{2800B05F-8A73-4454-986A-7A62BAAEE04C}"
EndProject
Project("{FAE04EC0-301F-11D3-BF4B-00C04F79EFBC}") = "Collections", "Lesson_15\Collections\Collections.csproj", "{2294492C-A717-41A9-9A5A-A1367E15304F}"
EndProject
Project("{FAE04EC0-301F-11D3-BF4B-00C04F79EFBC}") = "LINQ", "Lesson_16\LINQ\LINQ.csproj", "{F9729E2E-D215-46A1-87BF-0F2D1E436196}"
EndProject
Global
	GlobalSection(SolutionConfigurationPlatforms) = preSolution
		Debug|Any CPU = Debug|Any CPU
		Release|Any CPU = Release|Any CPU
	EndGlobalSection
	GlobalSection(ProjectConfigurationPlatforms) = postSolution
		{A108DC97-4ABE-4CD0-97EF-93E9C5723C0B}.Debug|Any CPU.ActiveCfg = Debug|Any CPU
		{A108DC97-4ABE-4CD0-97EF-93E9C5723C0B}.Debug|Any CPU.Build.0 = Debug|Any CPU
		{A108DC97-4ABE-4CD0-97EF-93E9C5723C0B}.Release|Any CPU.ActiveCfg = Release|Any CPU
		{A108DC97-4ABE-4CD0-97EF-93E9C5723C0B}.Release|Any CPU.Build.0 = Release|Any CPU
		{1672B153-05AF-4A0F-86D0-A8E4AA9004F8}.Debug|Any CPU.ActiveCfg = Debug|Any CPU
		{1672B153-05AF-4A0F-86D0-A8E4AA9004F8}.Debug|Any CPU.Build.0 = Debug|Any CPU
		{1672B153-05AF-4A0F-86D0-A8E4AA9004F8}.Release|Any CPU.ActiveCfg = Release|Any CPU
		{1672B153-05AF-4A0F-86D0-A8E4AA9004F8}.Release|Any CPU.Build.0 = Release|Any CPU
		{21496B9F-1051-4617-AF50-EAE7F47FAAF0}.Debug|Any CPU.ActiveCfg = Debug|Any CPU
		{21496B9F-1051-4617-AF50-EAE7F47FAAF0}.Debug|Any CPU.Build.0 = Debug|Any CPU
		{21496B9F-1051-4617-AF50-EAE7F47FAAF0}.Release|Any CPU.ActiveCfg = Release|Any CPU
		{21496B9F-1051-4617-AF50-EAE7F47FAAF0}.Release|Any CPU.Build.0 = Release|Any CPU
		{002DC302-C444-4527-9F58-9D075E09E3FF}.Debug|Any CPU.ActiveCfg = Debug|Any CPU
		{002DC302-C444-4527-9F58-9D075E09E3FF}.Debug|Any CPU.Build.0 = Debug|Any CPU
		{002DC302-C444-4527-9F58-9D075E09E3FF}.Release|Any CPU.ActiveCfg = Release|Any CPU
		{002DC302-C444-4527-9F58-9D075E09E3FF}.Release|Any CPU.Build.0 = Release|Any CPU
		{678B8E23-07C5-4A55-B066-90C971AA3518}.Debug|Any CPU.ActiveCfg = Debug|Any CPU
		{678B8E23-07C5-4A55-B066-90C971AA3518}.Debug|Any CPU.Build.0 = Debug|Any CPU
		{678B8E23-07C5-4A55-B066-90C971AA3518}.Release|Any CPU.ActiveCfg = Release|Any CPU
		{678B8E23-07C5-4A55-B066-90C971AA3518}.Release|Any CPU.Build.0 = Release|Any CPU
		{4784C65C-9AB6-4194-B390-65AA0494A2BD}.Debug|Any CPU.ActiveCfg = Debug|Any CPU
		{4784C65C-9AB6-4194-B390-65AA0494A2BD}.Debug|Any CPU.Build.0 = Debug|Any CPU
		{4784C65C-9AB6-4194-B390-65AA0494A2BD}.Release|Any CPU.ActiveCfg = Release|Any CPU
		{4784C65C-9AB6-4194-B390-65AA0494A2BD}.Release|Any CPU.Build.0 = Release|Any CPU
		{84A13792-644C-4E9B-9230-EB4141A38967}.Debug|Any CPU.ActiveCfg = Debug|Any CPU
		{84A13792-644C-4E9B-9230-EB4141A38967}.Debug|Any CPU.Build.0 = Debug|Any CPU
		{84A13792-644C-4E9B-9230-EB4141A38967}.Release|Any CPU.ActiveCfg = Release|Any CPU
		{84A13792-644C-4E9B-9230-EB4141A38967}.Release|Any CPU.Build.0 = Release|Any CPU
		{CC25C79F-4D8A-463C-AA89-86FCBC5F8DF2}.Debug|Any CPU.ActiveCfg = Debug|Any CPU
		{CC25C79F-4D8A-463C-AA89-86FCBC5F8DF2}.Debug|Any CPU.Build.0 = Debug|Any CPU
		{CC25C79F-4D8A-463C-AA89-86FCBC5F8DF2}.Release|Any CPU.ActiveCfg = Release|Any CPU
		{CC25C79F-4D8A-463C-AA89-86FCBC5F8DF2}.Release|Any CPU.Build.0 = Release|Any CPU
		{3FA3FB5F-E88D-4A56-BB26-A3703BCC3492}.Debug|Any CPU.ActiveCfg = Debug|Any CPU
		{3FA3FB5F-E88D-4A56-BB26-A3703BCC3492}.Debug|Any CPU.Build.0 = Debug|Any CPU
		{3FA3FB5F-E88D-4A56-BB26-A3703BCC3492}.Release|Any CPU.ActiveCfg = Release|Any CPU
		{3FA3FB5F-E88D-4A56-BB26-A3703BCC3492}.Release|Any CPU.Build.0 = Release|Any CPU
		{8FEEA97B-0D6E-4BF1-A574-929E85A01271}.Debug|Any CPU.ActiveCfg = Debug|Any CPU
		{8FEEA97B-0D6E-4BF1-A574-929E85A01271}.Debug|Any CPU.Build.0 = Debug|Any CPU
		{8FEEA97B-0D6E-4BF1-A574-929E85A01271}.Release|Any CPU.ActiveCfg = Release|Any CPU
		{8FEEA97B-0D6E-4BF1-A574-929E85A01271}.Release|Any CPU.Build.0 = Release|Any CPU
		{7A314F09-C4A3-43C7-AAC2-B700EE45FF38}.Debug|Any CPU.ActiveCfg = Debug|Any CPU
		{7A314F09-C4A3-43C7-AAC2-B700EE45FF38}.Debug|Any CPU.Build.0 = Debug|Any CPU
		{7A314F09-C4A3-43C7-AAC2-B700EE45FF38}.Release|Any CPU.ActiveCfg = Release|Any CPU
		{7A314F09-C4A3-43C7-AAC2-B700EE45FF38}.Release|Any CPU.Build.0 = Release|Any CPU
		{FB731E84-90A7-4CF2-932B-9B58E57AD084}.Debug|Any CPU.ActiveCfg = Debug|Any CPU
		{FB731E84-90A7-4CF2-932B-9B58E57AD084}.Debug|Any CPU.Build.0 = Debug|Any CPU
		{FB731E84-90A7-4CF2-932B-9B58E57AD084}.Release|Any CPU.ActiveCfg = Release|Any CPU
		{FB731E84-90A7-4CF2-932B-9B58E57AD084}.Release|Any CPU.Build.0 = Release|Any CPU
		{9BAC82ED-D591-459D-8BF0-4135E1DDAD75}.Debug|Any CPU.ActiveCfg = Debug|Any CPU
		{9BAC82ED-D591-459D-8BF0-4135E1DDAD75}.Debug|Any CPU.Build.0 = Debug|Any CPU
		{9BAC82ED-D591-459D-8BF0-4135E1DDAD75}.Release|Any CPU.ActiveCfg = Release|Any CPU
		{9BAC82ED-D591-459D-8BF0-4135E1DDAD75}.Release|Any CPU.Build.0 = Release|Any CPU
		{AD224EFF-EBDB-49AE-A74F-D5FB632BFC43}.Debug|Any CPU.ActiveCfg = Debug|Any CPU
		{AD224EFF-EBDB-49AE-A74F-D5FB632BFC43}.Debug|Any CPU.Build.0 = Debug|Any CPU
		{AD224EFF-EBDB-49AE-A74F-D5FB632BFC43}.Release|Any CPU.ActiveCfg = Release|Any CPU
		{AD224EFF-EBDB-49AE-A74F-D5FB632BFC43}.Release|Any CPU.Build.0 = Release|Any CPU
		{81C7AAF4-1DE9-44B7-8141-592926BA5F9E}.Debug|Any CPU.ActiveCfg = Debug|Any CPU
		{81C7AAF4-1DE9-44B7-8141-592926BA5F9E}.Debug|Any CPU.Build.0 = Debug|Any CPU
		{81C7AAF4-1DE9-44B7-8141-592926BA5F9E}.Release|Any CPU.ActiveCfg = Release|Any CPU
		{81C7AAF4-1DE9-44B7-8141-592926BA5F9E}.Release|Any CPU.Build.0 = Release|Any CPU
		{963F4C49-2261-4AD3-88F1-9175CF18366D}.Debug|Any CPU.ActiveCfg = Debug|Any CPU
		{963F4C49-2261-4AD3-88F1-9175CF18366D}.Debug|Any CPU.Build.0 = Debug|Any CPU
		{963F4C49-2261-4AD3-88F1-9175CF18366D}.Release|Any CPU.ActiveCfg = Release|Any CPU
		{963F4C49-2261-4AD3-88F1-9175CF18366D}.Release|Any CPU.Build.0 = Release|Any CPU
		{1211742B-68EF-4368-B62F-71B8102C627E}.Debug|Any CPU.ActiveCfg = Debug|Any CPU
		{1211742B-68EF-4368-B62F-71B8102C627E}.Debug|Any CPU.Build.0 = Debug|Any CPU
		{1211742B-68EF-4368-B62F-71B8102C627E}.Release|Any CPU.ActiveCfg = Release|Any CPU
		{1211742B-68EF-4368-B62F-71B8102C627E}.Release|Any CPU.Build.0 = Release|Any CPU
		{5A1E7E75-2A71-4368-B165-C152E68FE7B0}.Debug|Any CPU.ActiveCfg = Debug|Any CPU
		{5A1E7E75-2A71-4368-B165-C152E68FE7B0}.Debug|Any CPU.Build.0 = Debug|Any CPU
		{5A1E7E75-2A71-4368-B165-C152E68FE7B0}.Release|Any CPU.ActiveCfg = Release|Any CPU
		{5A1E7E75-2A71-4368-B165-C152E68FE7B0}.Release|Any CPU.Build.0 = Release|Any CPU
		{95F852D7-D7BB-45F6-B20D-9D1A110A50AB}.Debug|Any CPU.ActiveCfg = Debug|Any CPU
		{95F852D7-D7BB-45F6-B20D-9D1A110A50AB}.Debug|Any CPU.Build.0 = Debug|Any CPU
		{95F852D7-D7BB-45F6-B20D-9D1A110A50AB}.Release|Any CPU.ActiveCfg = Release|Any CPU
		{95F852D7-D7BB-45F6-B20D-9D1A110A50AB}.Release|Any CPU.Build.0 = Release|Any CPU
		{D1912AA6-EEA9-408F-A02A-7DCF4FAF2966}.Debug|Any CPU.ActiveCfg = Debug|Any CPU
		{D1912AA6-EEA9-408F-A02A-7DCF4FAF2966}.Debug|Any CPU.Build.0 = Debug|Any CPU
		{D1912AA6-EEA9-408F-A02A-7DCF4FAF2966}.Release|Any CPU.ActiveCfg = Release|Any CPU
		{D1912AA6-EEA9-408F-A02A-7DCF4FAF2966}.Release|Any CPU.Build.0 = Release|Any CPU
		{63A2525A-286C-432A-8CC1-7744F146C2C4}.Debug|Any CPU.ActiveCfg = Debug|Any CPU
		{63A2525A-286C-432A-8CC1-7744F146C2C4}.Debug|Any CPU.Build.0 = Debug|Any CPU
		{63A2525A-286C-432A-8CC1-7744F146C2C4}.Release|Any CPU.ActiveCfg = Release|Any CPU
		{63A2525A-286C-432A-8CC1-7744F146C2C4}.Release|Any CPU.Build.0 = Release|Any CPU
		{1173B61A-DB6F-49E3-9F01-F7D108804926}.Debug|Any CPU.ActiveCfg = Debug|Any CPU
		{1173B61A-DB6F-49E3-9F01-F7D108804926}.Debug|Any CPU.Build.0 = Debug|Any CPU
		{1173B61A-DB6F-49E3-9F01-F7D108804926}.Release|Any CPU.ActiveCfg = Release|Any CPU
		{1173B61A-DB6F-49E3-9F01-F7D108804926}.Release|Any CPU.Build.0 = Release|Any CPU
		{2A637A8D-ECBF-4DBD-B69F-51FB8B18402C}.Debug|Any CPU.ActiveCfg = Debug|Any CPU
		{2A637A8D-ECBF-4DBD-B69F-51FB8B18402C}.Debug|Any CPU.Build.0 = Debug|Any CPU
		{2A637A8D-ECBF-4DBD-B69F-51FB8B18402C}.Release|Any CPU.ActiveCfg = Release|Any CPU
		{2A637A8D-ECBF-4DBD-B69F-51FB8B18402C}.Release|Any CPU.Build.0 = Release|Any CPU
		{7F8AEE49-D790-4B38-B659-F4392ED5563D}.Debug|Any CPU.ActiveCfg = Debug|Any CPU
		{7F8AEE49-D790-4B38-B659-F4392ED5563D}.Debug|Any CPU.Build.0 = Debug|Any CPU
		{7F8AEE49-D790-4B38-B659-F4392ED5563D}.Release|Any CPU.ActiveCfg = Release|Any CPU
		{7F8AEE49-D790-4B38-B659-F4392ED5563D}.Release|Any CPU.Build.0 = Release|Any CPU
		{4A2EC72F-0BC6-4689-AE62-21711B2B9148}.Debug|Any CPU.ActiveCfg = Debug|Any CPU
		{4A2EC72F-0BC6-4689-AE62-21711B2B9148}.Debug|Any CPU.Build.0 = Debug|Any CPU
		{4A2EC72F-0BC6-4689-AE62-21711B2B9148}.Release|Any CPU.ActiveCfg = Release|Any CPU
		{4A2EC72F-0BC6-4689-AE62-21711B2B9148}.Release|Any CPU.Build.0 = Release|Any CPU
		{DFD7BB40-B93B-4309-A121-74D041E62C22}.Debug|Any CPU.ActiveCfg = Debug|Any CPU
		{DFD7BB40-B93B-4309-A121-74D041E62C22}.Debug|Any CPU.Build.0 = Debug|Any CPU
		{DFD7BB40-B93B-4309-A121-74D041E62C22}.Release|Any CPU.ActiveCfg = Release|Any CPU
		{DFD7BB40-B93B-4309-A121-74D041E62C22}.Release|Any CPU.Build.0 = Release|Any CPU
		{2800B05F-8A73-4454-986A-7A62BAAEE04C}.Debug|Any CPU.ActiveCfg = Debug|Any CPU
		{2800B05F-8A73-4454-986A-7A62BAAEE04C}.Debug|Any CPU.Build.0 = Debug|Any CPU
		{2800B05F-8A73-4454-986A-7A62BAAEE04C}.Release|Any CPU.ActiveCfg = Release|Any CPU
		{2800B05F-8A73-4454-986A-7A62BAAEE04C}.Release|Any CPU.Build.0 = Release|Any CPU
		{2294492C-A717-41A9-9A5A-A1367E15304F}.Debug|Any CPU.ActiveCfg = Debug|Any CPU
		{2294492C-A717-41A9-9A5A-A1367E15304F}.Debug|Any CPU.Build.0 = Debug|Any CPU
		{2294492C-A717-41A9-9A5A-A1367E15304F}.Release|Any CPU.ActiveCfg = Release|Any CPU
		{2294492C-A717-41A9-9A5A-A1367E15304F}.Release|Any CPU.Build.0 = Release|Any CPU
		{F9729E2E-D215-46A1-87BF-0F2D1E436196}.Debug|Any CPU.ActiveCfg = Debug|Any CPU
		{F9729E2E-D215-46A1-87BF-0F2D1E436196}.Debug|Any CPU.Build.0 = Debug|Any CPU
		{F9729E2E-D215-46A1-87BF-0F2D1E436196}.Release|Any CPU.ActiveCfg = Release|Any CPU
		{F9729E2E-D215-46A1-87BF-0F2D1E436196}.Release|Any CPU.Build.0 = Release|Any CPU
	EndGlobalSection
	GlobalSection(SolutionProperties) = preSolution
		HideSolutionNode = FALSE
	EndGlobalSection
	GlobalSection(ExtensibilityGlobals) = postSolution
		SolutionGuid = {2C490295-6F00-40CE-BC1C-0AB9FFFB6BB6}
	EndGlobalSection
EndGlobal
