
Microsoft Visual Studio Solution File, Format Version 12.00
# Visual Studio Version 17
VisualStudioVersion = 17.7.34018.315
MinimumVisualStudioVersion = 10.0.40219.1
Project("{9A19103F-16F7-4668-BE54-9A1E7A4F7556}") = "Casting", "Lesson_3\Casting\Casting.csproj", "{A108DC97-4ABE-4CD0-97EF-93E9C5723C0B}"
EndProject
Project("{9A19103F-16F7-4668-BE54-9A1E7A4F7556}") = "SwapTwoVariables", "Lesson_3\SwapTwoVariables\SwapTwoVariables.csproj", "{1672B153-05AF-4A0F-86D0-A8E4AA9004F8}"
EndProject
Project("{9A19103F-16F7-4668-BE54-9A1E7A4F7556}") = "Distance", "Lesson_3\Distance\Distance.csproj", "{21496B9F-1051-4617-AF50-EAE7F47FAAF0}"
EndProject
Project("{9A19103F-16F7-4668-BE54-9A1E7A4F7556}") = "Number", "Lesson_3\Number\Number.csproj", "{002DC302-C444-4527-9F58-9D075E09E3FF}"
EndProject
Project("{9A19103F-16F7-4668-BE54-9A1E7A4F7556}") = "PI", "Lesson_3\PI\PI.csproj", "{678B8E23-07C5-4A55-B066-90C971AA3518}"
EndProject
Project("{9A19103F-16F7-4668-BE54-9A1E7A4F7556}") = "Variables", "Lesson_2\Variables\Variables.csproj", "{4784C65C-9AB6-4194-B390-65AA0494A2BD}"
EndProject
Project("{9A19103F-16F7-4668-BE54-9A1E7A4F7556}") = "TernaryOperator", "Lesson_4\TernaryOperator\TernaryOperator.csproj", "{84A13792-644C-4E9B-9230-EB4141A38967}"
EndProject
Project("{9A19103F-16F7-4668-BE54-9A1E7A4F7556}") = "Loop", "Lesson_5\Loop\Loop.csproj", "{CC25C79F-4D8A-463C-AA89-86FCBC5F8DF2}"
EndProject
Project("{9A19103F-16F7-4668-BE54-9A1E7A4F7556}") = "Arrays", "Lesson_6\Arrays\Arrays.csproj", "{3FA3FB5F-E88D-4A56-BB26-A3703BCC3492}"
EndProject
Project("{FAE04EC0-301F-11D3-BF4B-00C04F79EFBC}") = "Array2", "Lesson_7\Array2\Array2.csproj", "{8FEEA97B-0D6E-4BF1-A574-929E85A01271}"
EndProject
Global
	GlobalSection(SolutionConfigurationPlatforms) = preSolution
		Debug|Any CPU = Debug|Any CPU
		Release|Any CPU = Release|Any CPU
	EndGlobalSection
	GlobalSection(ProjectConfigurationPlatforms) = postSolution
		{A108DC97-4ABE-4CD0-97EF-93E9C5723C0B}.Debug|Any CPU.ActiveCfg = Debug|Any CPU
		{A108DC97-4ABE-4CD0-97EF-93E9C5723C0B}.Debug|Any CPU.Build.0 = Debug|Any CPU
		{A108DC97-4ABE-4CD0-97EF-93E9C5723C0B}.Release|Any CPU.ActiveCfg = Release|Any CPU
		{A108DC97-4ABE-4CD0-97EF-93E9C5723C0B}.Release|Any CPU.Build.0 = Release|Any CPU
		{1672B153-05AF-4A0F-86D0-A8E4AA9004F8}.Debug|Any CPU.ActiveCfg = Debug|Any CPU
		{1672B153-05AF-4A0F-86D0-A8E4AA9004F8}.Debug|Any CPU.Build.0 = Debug|Any CPU
		{1672B153-05AF-4A0F-86D0-A8E4AA9004F8}.Release|Any CPU.ActiveCfg = Release|Any CPU
		{1672B153-05AF-4A0F-86D0-A8E4AA9004F8}.Release|Any CPU.Build.0 = Release|Any CPU
		{21496B9F-1051-4617-AF50-EAE7F47FAAF0}.Debug|Any CPU.ActiveCfg = Debug|Any CPU
		{21496B9F-1051-4617-AF50-EAE7F47FAAF0}.Debug|Any CPU.Build.0 = Debug|Any CPU
		{21496B9F-1051-4617-AF50-EAE7F47FAAF0}.Release|Any CPU.ActiveCfg = Release|Any CPU
		{21496B9F-1051-4617-AF50-EAE7F47FAAF0}.Release|Any CPU.Build.0 = Release|Any CPU
		{002DC302-C444-4527-9F58-9D075E09E3FF}.Debug|Any CPU.ActiveCfg = Debug|Any CPU
		{002DC302-C444-4527-9F58-9D075E09E3FF}.Debug|Any CPU.Build.0 = Debug|Any CPU
		{002DC302-C444-4527-9F58-9D075E09E3FF}.Release|Any CPU.ActiveCfg = Release|Any CPU
		{002DC302-C444-4527-9F58-9D075E09E3FF}.Release|Any CPU.Build.0 = Release|Any CPU
		{678B8E23-07C5-4A55-B066-90C971AA3518}.Debug|Any CPU.ActiveCfg = Debug|Any CPU
		{678B8E23-07C5-4A55-B066-90C971AA3518}.Debug|Any CPU.Build.0 = Debug|Any CPU
		{678B8E23-07C5-4A55-B066-90C971AA3518}.Release|Any CPU.ActiveCfg = Release|Any CPU
		{678B8E23-07C5-4A55-B066-90C971AA3518}.Release|Any CPU.Build.0 = Release|Any CPU
		{4784C65C-9AB6-4194-B390-65AA0494A2BD}.Debug|Any CPU.ActiveCfg = Debug|Any CPU
		{4784C65C-9AB6-4194-B390-65AA0494A2BD}.Debug|Any CPU.Build.0 = Debug|Any CPU
		{4784C65C-9AB6-4194-B390-65AA0494A2BD}.Release|Any CPU.ActiveCfg = Release|Any CPU
		{4784C65C-9AB6-4194-B390-65AA0494A2BD}.Release|Any CPU.Build.0 = Release|Any CPU
		{84A13792-644C-4E9B-9230-EB4141A38967}.Debug|Any CPU.ActiveCfg = Debug|Any CPU
		{84A13792-644C-4E9B-9230-EB4141A38967}.Debug|Any CPU.Build.0 = Debug|Any CPU
		{84A13792-644C-4E9B-9230-EB4141A38967}.Release|Any CPU.ActiveCfg = Release|Any CPU
		{84A13792-644C-4E9B-9230-EB4141A38967}.Release|Any CPU.Build.0 = Release|Any CPU
		{CC25C79F-4D8A-463C-AA89-86FCBC5F8DF2}.Debug|Any CPU.ActiveCfg = Debug|Any CPU
		{CC25C79F-4D8A-463C-AA89-86FCBC5F8DF2}.Debug|Any CPU.Build.0 = Debug|Any CPU
		{CC25C79F-4D8A-463C-AA89-86FCBC5F8DF2}.Release|Any CPU.ActiveCfg = Release|Any CPU
		{CC25C79F-4D8A-463C-AA89-86FCBC5F8DF2}.Release|Any CPU.Build.0 = Release|Any CPU
		{3FA3FB5F-E88D-4A56-BB26-A3703BCC3492}.Debug|Any CPU.ActiveCfg = Debug|Any CPU
		{3FA3FB5F-E88D-4A56-BB26-A3703BCC3492}.Debug|Any CPU.Build.0 = Debug|Any CPU
		{3FA3FB5F-E88D-4A56-BB26-A3703BCC3492}.Release|Any CPU.ActiveCfg = Release|Any CPU
		{3FA3FB5F-E88D-4A56-BB26-A3703BCC3492}.Release|Any CPU.Build.0 = Release|Any CPU
		{8FEEA97B-0D6E-4BF1-A574-929E85A01271}.Debug|Any CPU.ActiveCfg = Debug|Any CPU
		{8FEEA97B-0D6E-4BF1-A574-929E85A01271}.Debug|Any CPU.Build.0 = Debug|Any CPU
		{8FEEA97B-0D6E-4BF1-A574-929E85A01271}.Release|Any CPU.ActiveCfg = Release|Any CPU
		{8FEEA97B-0D6E-4BF1-A574-929E85A01271}.Release|Any CPU.Build.0 = Release|Any CPU
	EndGlobalSection
	GlobalSection(SolutionProperties) = preSolution
		HideSolutionNode = FALSE
	EndGlobalSection
	GlobalSection(ExtensibilityGlobals) = postSolution
		SolutionGuid = {2C490295-6F00-40CE-BC1C-0AB9FFFB6BB6}
	EndGlobalSection
EndGlobal
